# This file is automatically @generated by Cargo.
# It is not intended for manual editing.
version = 3

[[package]]
name = "cc"
version = "1.0.78"
source = "registry+https://github.com/rust-lang/crates.io-index"
checksum = "a20104e2335ce8a659d6dd92a51a767a0c062599c73b343fd152cb401e828c3d"
dependencies = [
 "jobserver",
]

[[package]]
name = "cfg-if"
version = "1.0.0"
source = "registry+https://github.com/rust-lang/crates.io-index"
checksum = "baf1de4339761588bc0619e3cbc0120ee582ebb74b53b4efbf79117bd2da40fd"

[[package]]
name = "enumflags2"
version = "0.7.5"
source = "registry+https://github.com/rust-lang/crates.io-index"
checksum = "e75d4cd21b95383444831539909fbb14b9dc3fdceb2a6f5d36577329a1f55ccb"
dependencies = [
 "enumflags2_derive",
]

[[package]]
name = "enumflags2_derive"
version = "0.7.4"
source = "registry+https://github.com/rust-lang/crates.io-index"
checksum = "f58dc3c5e468259f19f2d46304a6b28f1c3d034442e14b322d2b850e36f6d5ae"
dependencies = [
 "proc-macro2",
 "quote",
 "syn",
]

[[package]]
name = "glam"
version = "0.20.5"
source = "registry+https://github.com/rust-lang/crates.io-index"
checksum = "f43e957e744be03f5801a55472f593d43fabdebf25a4585db250f04d86b1675f"

[[package]]
name = "glam"
version = "0.22.0"
source = "registry+https://github.com/rust-lang/crates.io-index"
checksum = "12f597d56c1bd55a811a1be189459e8fad2bbc272616375602443bdfb37fa774"

[[package]]
name = "jobserver"
version = "0.1.25"
source = "registry+https://github.com/rust-lang/crates.io-index"
checksum = "068b1ee6743e4d11fb9c6a1e6064b3693a1b600e7f5f5988047d98b3dc9fb90b"
dependencies = [
 "libc",
]

[[package]]
name = "libc"
version = "0.2.139"
source = "registry+https://github.com/rust-lang/crates.io-index"
checksum = "201de327520df007757c1f0adce6e827fe8562fbc28bfd9c15571c66ca1f5f79"

[[package]]
name = "log"
version = "0.4.17"
source = "registry+https://github.com/rust-lang/crates.io-index"
checksum = "abb12e687cfb44aa40f41fc3978ef76448f9b6038cad6aef4259d3c095a2382e"
dependencies = [
 "cfg-if",
]

[[package]]
name = "once_cell"
version = "1.17.0"
source = "registry+https://github.com/rust-lang/crates.io-index"
checksum = "6f61fba1741ea2b3d6a1e3178721804bb716a68a6aeba1149b5d52e3d464ea66"

[[package]]
name = "physx"
version = "0.16.0"
source = "registry+https://github.com/rust-lang/crates.io-index"
checksum = "fd694a2525b4b32df6eb60d1917069d7e6bf5faea2966137b97d371623a3a3e4"
dependencies = [
 "enumflags2",
 "glam 0.20.5",
 "log",
 "physx-sys",
 "thiserror",
]

[[package]]
name = "physx-sys"
version = "0.8.1"
source = "registry+https://github.com/rust-lang/crates.io-index"
checksum = "19476071d3ccca222c1f97e27772ea651523bc22dde287c5f81791d2a8273a1b"
dependencies = [
 "cc",
]

[[package]]
name = "physx_test"
version = "0.1.0"
dependencies = [
 "glam 0.22.0",
 "once_cell",
 "physx",
 "physx-sys",
]

[[package]]
name = "proc-macro2"
version = "1.0.49"
source = "registry+https://github.com/rust-lang/crates.io-index"
checksum = "57a8eca9f9c4ffde41714334dee777596264c7825420f521abc92b5b5deb63a5"
dependencies = [
 "unicode-ident",
]

[[package]]
name = "quote"
version = "1.0.23"
source = "registry+https://github.com/rust-lang/crates.io-index"
checksum = "8856d8364d252a14d474036ea1358d63c9e6965c8e5c1885c18f73d70bff9c7b"
dependencies = [
 "proc-macro2",
]

[[package]]
name = "syn"
version = "1.0.107"
source = "registry+https://github.com/rust-lang/crates.io-index"
checksum = "1f4064b5b16e03ae50984a5a8ed5d4f8803e6bc1fd170a3cda91a1be4b18e3f5"
dependencies = [
 "proc-macro2",
 "quote",
 "unicode-ident",
]

[[package]]
name = "thiserror"
version = "1.0.38"
source = "registry+https://github.com/rust-lang/crates.io-index"
checksum = "6a9cd18aa97d5c45c6603caea1da6628790b37f7a34b6ca89522331c5180fed0"
dependencies = [
 "thiserror-impl",
]

[[package]]
name = "thiserror-impl"
version = "1.0.38"
source = "registry+https://github.com/rust-lang/crates.io-index"
checksum = "1fb327af4685e4d03fa8cbcf1716380da910eeb2bb8be417e7f9fd3fb164f36f"
dependencies = [
 "proc-macro2",
 "quote",
 "syn",
]

[[package]]
name = "unicode-ident"
version = "1.0.6"
source = "registry+https://github.com/rust-lang/crates.io-index"
checksum = "84a22b9f218b40614adcb3f4ff08b703773ad44fa9423e4e0d346d5db86e4ebc"
